
Microsoft Visual Studio Solution File, Format Version 12.00
# Visual Studio Version 16
VisualStudioVersion = 16.0.31005.135
MinimumVisualStudioVersion = 10.0.40219.1
Project("{FAE04EC0-301F-11D3-BF4B-00C04F79EFBC}") = "twilio-whatsapp-example", "twilio-whatsapp-example\twilio-whatsapp-example.csproj", "{9C4599FE-1C97-4CAA-A12F-1DCAE7740557}"
EndProject
Project("{2150E333-8FDC-42A3-9474-1A3956D46DE8}") = "Solution Items", "Solution Items", "{FE1D2DA3-FEC6-4C6B-A37F-5BEF1A5ED9AC}"
	ProjectSection(SolutionItems) = preProject
		README.md = README.md
	EndProjectSection
EndProject
Global
	GlobalSection(SolutionConfigurationPlatforms) = preSolution
		Debug|Any CPU = Debug|Any CPU
		Release|Any CPU = Release|Any CPU
	EndGlobalSection
	GlobalSection(ProjectConfigurationPlatforms) = postSolution
		{9C4599FE-1C97-4CAA-A12F-1DCAE7740557}.Debug|Any CPU.ActiveCfg = Debug|Any CPU
		{9C4599FE-1C97-4CAA-A12F-1DCAE7740557}.Debug|Any CPU.Build.0 = Debug|Any CPU
		{9C4599FE-1C97-4CAA-A12F-1DCAE7740557}.Release|Any CPU.ActiveCfg = Release|Any CPU
		{9C4599FE-1C97-4CAA-A12F-1DCAE7740557}.Release|Any CPU.Build.0 = Release|Any CPU
	EndGlobalSection
	GlobalSection(SolutionProperties) = preSolution
		HideSolutionNode = FALSE
	EndGlobalSection
	GlobalSection(ExtensibilityGlobals) = postSolution
		SolutionGuid = {AF956808-517D-474C-87A7-DF1624612C25}
	EndGlobalSection
EndGlobal
